
Microsoft Visual Studio Solution File, Format Version 12.00
# Visual Studio Version 17
VisualStudioVersion = 17.2.32616.157
MinimumVisualStudioVersion = 10.0.40219.1
Project("{9A19103F-16F7-4668-BE54-9A1E7A4F7556}") = "OrangeTalk", "OrangeTalk\OrangeTalk.csproj", "{74D7E29B-9414-431D-94CD-7D709E8BD124}"
EndProject
Project("{9A19103F-16F7-4668-BE54-9A1E7A4F7556}") = "Driver", "Driver\Driver.csproj", "{96F86112-77FA-4F79-A6F5-AC9784C208E6}"
EndProject
Project("{9A19103F-16F7-4668-BE54-9A1E7A4F7556}") = "OrangeLib", "OrangeLib\OrangeLib.csproj", "{E6E14415-62A6-4F49-A435-F9BEBDD4CAD9}"
EndProject
Global
	GlobalSection(SolutionConfigurationPlatforms) = preSolution
		Debug|Any CPU = Debug|Any CPU
		Release|Any CPU = Release|Any CPU
	EndGlobalSection
	GlobalSection(ProjectConfigurationPlatforms) = postSolution
		{74D7E29B-9414-431D-94CD-7D709E8BD124}.Debug|Any CPU.ActiveCfg = Debug|Any CPU
		{74D7E29B-9414-431D-94CD-7D709E8BD124}.Debug|Any CPU.Build.0 = Debug|Any CPU
		{74D7E29B-9414-431D-94CD-7D709E8BD124}.Release|Any CPU.ActiveCfg = Release|Any CPU
		{74D7E29B-9414-431D-94CD-7D709E8BD124}.Release|Any CPU.Build.0 = Release|Any CPU
		{96F86112-77FA-4F79-A6F5-AC9784C208E6}.Debug|Any CPU.ActiveCfg = Debug|Any CPU
		{96F86112-77FA-4F79-A6F5-AC9784C208E6}.Debug|Any CPU.Build.0 = Debug|Any CPU
		{96F86112-77FA-4F79-A6F5-AC9784C208E6}.Release|Any CPU.ActiveCfg = Release|Any CPU
		{96F86112-77FA-4F79-A6F5-AC9784C208E6}.Release|Any CPU.Build.0 = Release|Any CPU
		{E6E14415-62A6-4F49-A435-F9BEBDD4CAD9}.Debug|Any CPU.ActiveCfg = Debug|Any CPU
		{E6E14415-62A6-4F49-A435-F9BEBDD4CAD9}.Debug|Any CPU.Build.0 = Debug|Any CPU
		{E6E14415-62A6-4F49-A435-F9BEBDD4CAD9}.Release|Any CPU.ActiveCfg = Release|Any CPU
		{E6E14415-62A6-4F49-A435-F9BEBDD4CAD9}.Release|Any CPU.Build.0 = Release|Any CPU
	EndGlobalSection
	GlobalSection(SolutionProperties) = preSolution
		HideSolutionNode = FALSE
	EndGlobalSection
	GlobalSection(ExtensibilityGlobals) = postSolution
		SolutionGuid = {1DE8FBEF-7DB4-4548-9EFB-7EAD111D03A3}
	EndGlobalSection
EndGlobal
